
Microsoft Visual Studio Solution File, Format Version 12.00
# Visual Studio 15
VisualStudioVersion = 15.0.27703.2035
MinimumVisualStudioVersion = 10.0.40219.1
Project("{FAE04EC0-301F-11D3-BF4B-00C04F79EFBC}") = "XamDox.Android", "XamDox\XamDox.Android\XamDox.Android.csproj", "{EF961936-D663-43C6-B69D-97959B9C8DF9}"
EndProject
Project("{FAE04EC0-301F-11D3-BF4B-00C04F79EFBC}") = "XamDox.iOS", "XamDox\XamDox.iOS\XamDox.iOS.csproj", "{1C9C2526-8DF0-47F4-8EEE-58342833DE06}"
EndProject
Project("{FAE04EC0-301F-11D3-BF4B-00C04F79EFBC}") = "XamDox.UWP", "XamDox\XamDox.UWP\XamDox.UWP.csproj", "{CB5EC4A8-554D-4A11-B42A-599922B4537C}"
EndProject
Project("{9A19103F-16F7-4668-BE54-9A1E7A4F7556}") = "XamDox", "XamDox\XamDox\XamDox.csproj", "{EAC866CA-DE9A-48B7-8607-EBBCB5F56CB4}"
EndProject
Project("{9A19103F-16F7-4668-BE54-9A1E7A4F7556}") = "TimeClock", "..\TimeClock\TimeClock.csproj", "{35D88946-6172-42CD-96D3-BFAA289AEE12}"
EndProject
Project("{9A19103F-16F7-4668-BE54-9A1E7A4F7556}") = "XamDox.Components", "XamDox\XamDox.Components\XamDox.Components.csproj", "{0E1D74D4-14DD-4989-BE96-AF47EE3C4C09}"
EndProject
Project("{FAE04EC0-301F-11D3-BF4B-00C04F79EFBC}") = "XamDox.UnitTest", "XamDox\XamDox.UnitTest\XamDox.UnitTest.csproj", "{79798119-A1B3-43B4-9CE7-DA520CC797A7}"
EndProject
Project("{2150E333-8FDC-42A3-9474-1A3956D46DE8}") = "Platform", "Platform", "{A1FDC01A-9DAB-490E-88B5-34BCE9160AD2}"
EndProject
Project("{2150E333-8FDC-42A3-9474-1A3956D46DE8}") = "Tests", "Tests", "{E5FD3E6F-E6B2-4E3E-80CE-5C104C821EE9}"
EndProject
Project("{2150E333-8FDC-42A3-9474-1A3956D46DE8}") = "Components", "Components", "{AEFA76C9-749F-45C2-8B3B-5DB300307B9C}"
EndProject
Project("{2150E333-8FDC-42A3-9474-1A3956D46DE8}") = "FaceDetection", "FaceDetection", "{EB4551CB-0D25-4E7B-963F-3DF328E6A61B}"
EndProject
Project("{8BC9CEB8-8B4A-11D0-8D11-00A0C91BC942}") = "FaceDetection.Shared", "XamDox\FaceDetection\FaceDetection.Shared\FaceDetection.Shared.vcxitems", "{0A87D29A-CC12-49E0-8E9A-6000192920C2}"
EndProject
Project("{8BC9CEB8-8B4A-11D0-8D11-00A0C91BC942}") = "FaceDetection.iOS", "XamDox\FaceDetection\FaceDetection.iOS\FaceDetection.iOS.vcxproj", "{7C70795F-223B-42D1-AC2A-9EA91CBF9631}"
EndProject
Project("{8BC9CEB8-8B4A-11D0-8D11-00A0C91BC942}") = "FaceDetection.Android", "XamDox\FaceDetection\FaceDetection.Android\FaceDetection.Android.vcxproj", "{3C70DD05-26D1-46DD-AFF2-D6A893D19262}"
EndProject
Project("{8BC9CEB8-8B4A-11D0-8D11-00A0C91BC942}") = "FaceDetection.UWP", "XamDox\FaceDetection\FaceDetection.UWP\FaceDetection.UWP.vcxproj", "{88DBA0FE-5BFB-4759-901C-178C01A48BAD}"
EndProject
Global
	GlobalSection(SharedMSBuildProjectFiles) = preSolution
		XamDox\FaceDetection\FaceDetection.Shared\FaceDetection.Shared.vcxitems*{0a87d29a-cc12-49e0-8e9a-6000192920c2}*SharedItemsImports = 9
		XamDox\FaceDetection\FaceDetection.Shared\FaceDetection.Shared.vcxitems*{3c70dd05-26d1-46dd-aff2-d6a893d19262}*SharedItemsImports = 4
		XamDox\FaceDetection\FaceDetection.Shared\FaceDetection.Shared.vcxitems*{7c70795f-223b-42d1-ac2a-9ea91cbf9631}*SharedItemsImports = 4
	EndGlobalSection
	GlobalSection(SolutionConfigurationPlatforms) = preSolution
		Ad-Hoc|Any CPU = Ad-Hoc|Any CPU
		Ad-Hoc|ARM = Ad-Hoc|ARM
		Ad-Hoc|ARM64 = Ad-Hoc|ARM64
		Ad-Hoc|iPhone = Ad-Hoc|iPhone
		Ad-Hoc|iPhoneSimulator = Ad-Hoc|iPhoneSimulator
		Ad-Hoc|x64 = Ad-Hoc|x64
		Ad-Hoc|x86 = Ad-Hoc|x86
		AppStore|Any CPU = AppStore|Any CPU
		AppStore|ARM = AppStore|ARM
		AppStore|ARM64 = AppStore|ARM64
		AppStore|iPhone = AppStore|iPhone
		AppStore|iPhoneSimulator = AppStore|iPhoneSimulator
		AppStore|x64 = AppStore|x64
		AppStore|x86 = AppStore|x86
		Debug|Any CPU = Debug|Any CPU
		Debug|ARM = Debug|ARM
		Debug|ARM64 = Debug|ARM64
		Debug|iPhone = Debug|iPhone
		Debug|iPhoneSimulator = Debug|iPhoneSimulator
		Debug|x64 = Debug|x64
		Debug|x86 = Debug|x86
		Release|Any CPU = Release|Any CPU
		Release|ARM = Release|ARM
		Release|ARM64 = Release|ARM64
		Release|iPhone = Release|iPhone
		Release|iPhoneSimulator = Release|iPhoneSimulator
		Release|x64 = Release|x64
		Release|x86 = Release|x86
	EndGlobalSection
	GlobalSection(ProjectConfigurationPlatforms) = postSolution
		{EF961936-D663-43C6-B69D-97959B9C8DF9}.Ad-Hoc|Any CPU.ActiveCfg = Release|Any CPU
		{EF961936-D663-43C6-B69D-97959B9C8DF9}.Ad-Hoc|Any CPU.Build.0 = Release|Any CPU
		{EF961936-D663-43C6-B69D-97959B9C8DF9}.Ad-Hoc|Any CPU.Deploy.0 = Release|Any CPU
		{EF961936-D663-43C6-B69D-97959B9C8DF9}.Ad-Hoc|ARM.ActiveCfg = Release|Any CPU
		{EF961936-D663-43C6-B69D-97959B9C8DF9}.Ad-Hoc|ARM.Build.0 = Release|Any CPU
		{EF961936-D663-43C6-B69D-97959B9C8DF9}.Ad-Hoc|ARM.Deploy.0 = Release|Any CPU
		{EF961936-D663-43C6-B69D-97959B9C8DF9}.Ad-Hoc|ARM64.ActiveCfg = Debug|Any CPU
		{EF961936-D663-43C6-B69D-97959B9C8DF9}.Ad-Hoc|ARM64.Build.0 = Debug|Any CPU
		{EF961936-D663-43C6-B69D-97959B9C8DF9}.Ad-Hoc|ARM64.Deploy.0 = Debug|Any CPU
		{EF961936-D663-43C6-B69D-97959B9C8DF9}.Ad-Hoc|iPhone.ActiveCfg = Release|Any CPU
		{EF961936-D663-43C6-B69D-97959B9C8DF9}.Ad-Hoc|iPhone.Build.0 = Release|Any CPU
		{EF961936-D663-43C6-B69D-97959B9C8DF9}.Ad-Hoc|iPhone.Deploy.0 = Release|Any CPU
		{EF961936-D663-43C6-B69D-97959B9C8DF9}.Ad-Hoc|iPhoneSimulator.ActiveCfg = Release|Any CPU
		{EF961936-D663-43C6-B69D-97959B9C8DF9}.Ad-Hoc|iPhoneSimulator.Build.0 = Release|Any CPU
		{EF961936-D663-43C6-B69D-97959B9C8DF9}.Ad-Hoc|iPhoneSimulator.Deploy.0 = Release|Any CPU
		{EF961936-D663-43C6-B69D-97959B9C8DF9}.Ad-Hoc|x64.ActiveCfg = Release|Any CPU
		{EF961936-D663-43C6-B69D-97959B9C8DF9}.Ad-Hoc|x64.Build.0 = Release|Any CPU
		{EF961936-D663-43C6-B69D-97959B9C8DF9}.Ad-Hoc|x64.Deploy.0 = Release|Any CPU
		{EF961936-D663-43C6-B69D-97959B9C8DF9}.Ad-Hoc|x86.ActiveCfg = Release|Any CPU
		{EF961936-D663-43C6-B69D-97959B9C8DF9}.Ad-Hoc|x86.Build.0 = Release|Any CPU
		{EF961936-D663-43C6-B69D-97959B9C8DF9}.Ad-Hoc|x86.Deploy.0 = Release|Any CPU
		{EF961936-D663-43C6-B69D-97959B9C8DF9}.AppStore|Any CPU.ActiveCfg = Release|Any CPU
		{EF961936-D663-43C6-B69D-97959B9C8DF9}.AppStore|Any CPU.Build.0 = Release|Any CPU
		{EF961936-D663-43C6-B69D-97959B9C8DF9}.AppStore|Any CPU.Deploy.0 = Release|Any CPU
		{EF961936-D663-43C6-B69D-97959B9C8DF9}.AppStore|ARM.ActiveCfg = Release|Any CPU
		{EF961936-D663-43C6-B69D-97959B9C8DF9}.AppStore|ARM.Build.0 = Release|Any CPU
		{EF961936-D663-43C6-B69D-97959B9C8DF9}.AppStore|ARM.Deploy.0 = Release|Any CPU
		{EF961936-D663-43C6-B69D-97959B9C8DF9}.AppStore|ARM64.ActiveCfg = Debug|Any CPU
		{EF961936-D663-43C6-B69D-97959B9C8DF9}.AppStore|ARM64.Build.0 = Debug|Any CPU
		{EF961936-D663-43C6-B69D-97959B9C8DF9}.AppStore|ARM64.Deploy.0 = Debug|Any CPU
		{EF961936-D663-43C6-B69D-97959B9C8DF9}.AppStore|iPhone.ActiveCfg = Release|Any CPU
		{EF961936-D663-43C6-B69D-97959B9C8DF9}.AppStore|iPhone.Build.0 = Release|Any CPU
		{EF961936-D663-43C6-B69D-97959B9C8DF9}.AppStore|iPhone.Deploy.0 = Release|Any CPU
		{EF961936-D663-43C6-B69D-97959B9C8DF9}.AppStore|iPhoneSimulator.ActiveCfg = Release|Any CPU
		{EF961936-D663-43C6-B69D-97959B9C8DF9}.AppStore|iPhoneSimulator.Build.0 = Release|Any CPU
		{EF961936-D663-43C6-B69D-97959B9C8DF9}.AppStore|iPhoneSimulator.Deploy.0 = Release|Any CPU
		{EF961936-D663-43C6-B69D-97959B9C8DF9}.AppStore|x64.ActiveCfg = Release|Any CPU
		{EF961936-D663-43C6-B69D-97959B9C8DF9}.AppStore|x64.Build.0 = Release|Any CPU
		{EF961936-D663-43C6-B69D-97959B9C8DF9}.AppStore|x64.Deploy.0 = Release|Any CPU
		{EF961936-D663-43C6-B69D-97959B9C8DF9}.AppStore|x86.ActiveCfg = Release|Any CPU
		{EF961936-D663-43C6-B69D-97959B9C8DF9}.AppStore|x86.Build.0 = Release|Any CPU
		{EF961936-D663-43C6-B69D-97959B9C8DF9}.AppStore|x86.Deploy.0 = Release|Any CPU
		{EF961936-D663-43C6-B69D-97959B9C8DF9}.Debug|Any CPU.ActiveCfg = Debug|Any CPU
		{EF961936-D663-43C6-B69D-97959B9C8DF9}.Debug|Any CPU.Build.0 = Debug|Any CPU
		{EF961936-D663-43C6-B69D-97959B9C8DF9}.Debug|Any CPU.Deploy.0 = Debug|Any CPU
		{EF961936-D663-43C6-B69D-97959B9C8DF9}.Debug|ARM.ActiveCfg = Debug|Any CPU
		{EF961936-D663-43C6-B69D-97959B9C8DF9}.Debug|ARM.Build.0 = Debug|Any CPU
		{EF961936-D663-43C6-B69D-97959B9C8DF9}.Debug|ARM.Deploy.0 = Debug|Any CPU
		{EF961936-D663-43C6-B69D-97959B9C8DF9}.Debug|ARM64.ActiveCfg = Debug|Any CPU
		{EF961936-D663-43C6-B69D-97959B9C8DF9}.Debug|ARM64.Build.0 = Debug|Any CPU
		{EF961936-D663-43C6-B69D-97959B9C8DF9}.Debug|ARM64.Deploy.0 = Debug|Any CPU
		{EF961936-D663-43C6-B69D-97959B9C8DF9}.Debug|iPhone.ActiveCfg = Debug|Any CPU
		{EF961936-D663-43C6-B69D-97959B9C8DF9}.Debug|iPhone.Build.0 = Debug|Any CPU
		{EF961936-D663-43C6-B69D-97959B9C8DF9}.Debug|iPhone.Deploy.0 = Debug|Any CPU
		{EF961936-D663-43C6-B69D-97959B9C8DF9}.Debug|iPhoneSimulator.ActiveCfg = Debug|Any CPU
		{EF961936-D663-43C6-B69D-97959B9C8DF9}.Debug|iPhoneSimulator.Build.0 = Debug|Any CPU
		{EF961936-D663-43C6-B69D-97959B9C8DF9}.Debug|iPhoneSimulator.Deploy.0 = Debug|Any CPU
		{EF961936-D663-43C6-B69D-97959B9C8DF9}.Debug|x64.ActiveCfg = Debug|Any CPU
		{EF961936-D663-43C6-B69D-97959B9C8DF9}.Debug|x64.Build.0 = Debug|Any CPU
		{EF961936-D663-43C6-B69D-97959B9C8DF9}.Debug|x64.Deploy.0 = Debug|Any CPU
		{EF961936-D663-43C6-B69D-97959B9C8DF9}.Debug|x86.ActiveCfg = Debug|Any CPU
		{EF961936-D663-43C6-B69D-97959B9C8DF9}.Debug|x86.Build.0 = Debug|Any CPU
		{EF961936-D663-43C6-B69D-97959B9C8DF9}.Debug|x86.Deploy.0 = Debug|Any CPU
		{EF961936-D663-43C6-B69D-97959B9C8DF9}.Release|Any CPU.ActiveCfg = Release|Any CPU
		{EF961936-D663-43C6-B69D-97959B9C8DF9}.Release|Any CPU.Build.0 = Release|Any CPU
		{EF961936-D663-43C6-B69D-97959B9C8DF9}.Release|Any CPU.Deploy.0 = Release|Any CPU
		{EF961936-D663-43C6-B69D-97959B9C8DF9}.Release|ARM.ActiveCfg = Release|Any CPU
		{EF961936-D663-43C6-B69D-97959B9C8DF9}.Release|ARM.Build.0 = Release|Any CPU
		{EF961936-D663-43C6-B69D-97959B9C8DF9}.Release|ARM.Deploy.0 = Release|Any CPU
		{EF961936-D663-43C6-B69D-97959B9C8DF9}.Release|ARM64.ActiveCfg = Release|Any CPU
		{EF961936-D663-43C6-B69D-97959B9C8DF9}.Release|ARM64.Build.0 = Release|Any CPU
		{EF961936-D663-43C6-B69D-97959B9C8DF9}.Release|ARM64.Deploy.0 = Release|Any CPU
		{EF961936-D663-43C6-B69D-97959B9C8DF9}.Release|iPhone.ActiveCfg = Release|Any CPU
		{EF961936-D663-43C6-B69D-97959B9C8DF9}.Release|iPhone.Build.0 = Release|Any CPU
		{EF961936-D663-43C6-B69D-97959B9C8DF9}.Release|iPhone.Deploy.0 = Release|Any CPU
		{EF961936-D663-43C6-B69D-97959B9C8DF9}.Release|iPhoneSimulator.ActiveCfg = Release|Any CPU
		{EF961936-D663-43C6-B69D-97959B9C8DF9}.Release|iPhoneSimulator.Build.0 = Release|Any CPU
		{EF961936-D663-43C6-B69D-97959B9C8DF9}.Release|iPhoneSimulator.Deploy.0 = Release|Any CPU
		{EF961936-D663-43C6-B69D-97959B9C8DF9}.Release|x64.ActiveCfg = Release|Any CPU
		{EF961936-D663-43C6-B69D-97959B9C8DF9}.Release|x64.Build.0 = Release|Any CPU
		{EF961936-D663-43C6-B69D-97959B9C8DF9}.Release|x64.Deploy.0 = Release|Any CPU
		{EF961936-D663-43C6-B69D-97959B9C8DF9}.Release|x86.ActiveCfg = Release|Any CPU
		{EF961936-D663-43C6-B69D-97959B9C8DF9}.Release|x86.Build.0 = Release|Any CPU
		{EF961936-D663-43C6-B69D-97959B9C8DF9}.Release|x86.Deploy.0 = Release|Any CPU
		{1C9C2526-8DF0-47F4-8EEE-58342833DE06}.Ad-Hoc|Any CPU.ActiveCfg = Ad-Hoc|iPhone
		{1C9C2526-8DF0-47F4-8EEE-58342833DE06}.Ad-Hoc|Any CPU.Build.0 = Ad-Hoc|iPhone
		{1C9C2526-8DF0-47F4-8EEE-58342833DE06}.Ad-Hoc|Any CPU.Deploy.0 = Ad-Hoc|iPhone
		{1C9C2526-8DF0-47F4-8EEE-58342833DE06}.Ad-Hoc|ARM.ActiveCfg = Ad-Hoc|iPhone
		{1C9C2526-8DF0-47F4-8EEE-58342833DE06}.Ad-Hoc|ARM.Build.0 = Ad-Hoc|iPhone
		{1C9C2526-8DF0-47F4-8EEE-58342833DE06}.Ad-Hoc|ARM.Deploy.0 = Ad-Hoc|iPhone
		{1C9C2526-8DF0-47F4-8EEE-58342833DE06}.Ad-Hoc|ARM64.ActiveCfg = Ad-Hoc|iPhoneSimulator
		{1C9C2526-8DF0-47F4-8EEE-58342833DE06}.Ad-Hoc|iPhone.ActiveCfg = Ad-Hoc|iPhone
		{1C9C2526-8DF0-47F4-8EEE-58342833DE06}.Ad-Hoc|iPhone.Build.0 = Ad-Hoc|iPhone
		{1C9C2526-8DF0-47F4-8EEE-58342833DE06}.Ad-Hoc|iPhone.Deploy.0 = Ad-Hoc|iPhone
		{1C9C2526-8DF0-47F4-8EEE-58342833DE06}.Ad-Hoc|iPhoneSimulator.ActiveCfg = Ad-Hoc|iPhoneSimulator
		{1C9C2526-8DF0-47F4-8EEE-58342833DE06}.Ad-Hoc|iPhoneSimulator.Build.0 = Ad-Hoc|iPhoneSimulator
		{1C9C2526-8DF0-47F4-8EEE-58342833DE06}.Ad-Hoc|iPhoneSimulator.Deploy.0 = Ad-Hoc|iPhoneSimulator
		{1C9C2526-8DF0-47F4-8EEE-58342833DE06}.Ad-Hoc|x64.ActiveCfg = Ad-Hoc|iPhone
		{1C9C2526-8DF0-47F4-8EEE-58342833DE06}.Ad-Hoc|x64.Build.0 = Ad-Hoc|iPhone
		{1C9C2526-8DF0-47F4-8EEE-58342833DE06}.Ad-Hoc|x64.Deploy.0 = Ad-Hoc|iPhone
		{1C9C2526-8DF0-47F4-8EEE-58342833DE06}.Ad-Hoc|x86.ActiveCfg = Ad-Hoc|iPhone
		{1C9C2526-8DF0-47F4-8EEE-58342833DE06}.Ad-Hoc|x86.Build.0 = Ad-Hoc|iPhone
		{1C9C2526-8DF0-47F4-8EEE-58342833DE06}.Ad-Hoc|x86.Deploy.0 = Ad-Hoc|iPhone
		{1C9C2526-8DF0-47F4-8EEE-58342833DE06}.AppStore|Any CPU.ActiveCfg = AppStore|iPhone
		{1C9C2526-8DF0-47F4-8EEE-58342833DE06}.AppStore|Any CPU.Build.0 = AppStore|iPhone
		{1C9C2526-8DF0-47F4-8EEE-58342833DE06}.AppStore|Any CPU.Deploy.0 = AppStore|iPhone
		{1C9C2526-8DF0-47F4-8EEE-58342833DE06}.AppStore|ARM.ActiveCfg = AppStore|iPhone
		{1C9C2526-8DF0-47F4-8EEE-58342833DE06}.AppStore|ARM.Build.0 = AppStore|iPhone
		{1C9C2526-8DF0-47F4-8EEE-58342833DE06}.AppStore|ARM.Deploy.0 = AppStore|iPhone
		{1C9C2526-8DF0-47F4-8EEE-58342833DE06}.AppStore|ARM64.ActiveCfg = AppStore|iPhoneSimulator
		{1C9C2526-8DF0-47F4-8EEE-58342833DE06}.AppStore|iPhone.ActiveCfg = AppStore|iPhone
		{1C9C2526-8DF0-47F4-8EEE-58342833DE06}.AppStore|iPhone.Build.0 = AppStore|iPhone
		{1C9C2526-8DF0-47F4-8EEE-58342833DE06}.AppStore|iPhone.Deploy.0 = AppStore|iPhone
		{1C9C2526-8DF0-47F4-8EEE-58342833DE06}.AppStore|iPhoneSimulator.ActiveCfg = AppStore|iPhoneSimulator
		{1C9C2526-8DF0-47F4-8EEE-58342833DE06}.AppStore|iPhoneSimulator.Build.0 = AppStore|iPhoneSimulator
		{1C9C2526-8DF0-47F4-8EEE-58342833DE06}.AppStore|iPhoneSimulator.Deploy.0 = AppStore|iPhoneSimulator
		{1C9C2526-8DF0-47F4-8EEE-58342833DE06}.AppStore|x64.ActiveCfg = AppStore|iPhone
		{1C9C2526-8DF0-47F4-8EEE-58342833DE06}.AppStore|x64.Build.0 = AppStore|iPhone
		{1C9C2526-8DF0-47F4-8EEE-58342833DE06}.AppStore|x64.Deploy.0 = AppStore|iPhone
		{1C9C2526-8DF0-47F4-8EEE-58342833DE06}.AppStore|x86.ActiveCfg = AppStore|iPhone
		{1C9C2526-8DF0-47F4-8EEE-58342833DE06}.AppStore|x86.Build.0 = AppStore|iPhone
		{1C9C2526-8DF0-47F4-8EEE-58342833DE06}.AppStore|x86.Deploy.0 = AppStore|iPhone
		{1C9C2526-8DF0-47F4-8EEE-58342833DE06}.Debug|Any CPU.ActiveCfg = Debug|iPhoneSimulator
		{1C9C2526-8DF0-47F4-8EEE-58342833DE06}.Debug|Any CPU.Build.0 = Debug|iPhoneSimulator
		{1C9C2526-8DF0-47F4-8EEE-58342833DE06}.Debug|Any CPU.Deploy.0 = Debug|iPhoneSimulator
		{1C9C2526-8DF0-47F4-8EEE-58342833DE06}.Debug|ARM.ActiveCfg = Debug|iPhone
		{1C9C2526-8DF0-47F4-8EEE-58342833DE06}.Debug|ARM.Build.0 = Debug|iPhone
		{1C9C2526-8DF0-47F4-8EEE-58342833DE06}.Debug|ARM.Deploy.0 = Debug|iPhone
		{1C9C2526-8DF0-47F4-8EEE-58342833DE06}.Debug|ARM64.ActiveCfg = Debug|iPhone
		{1C9C2526-8DF0-47F4-8EEE-58342833DE06}.Debug|iPhone.ActiveCfg = Debug|iPhone
		{1C9C2526-8DF0-47F4-8EEE-58342833DE06}.Debug|iPhone.Build.0 = Debug|iPhone
		{1C9C2526-8DF0-47F4-8EEE-58342833DE06}.Debug|iPhone.Deploy.0 = Debug|iPhone
		{1C9C2526-8DF0-47F4-8EEE-58342833DE06}.Debug|iPhoneSimulator.ActiveCfg = Debug|iPhoneSimulator
		{1C9C2526-8DF0-47F4-8EEE-58342833DE06}.Debug|iPhoneSimulator.Build.0 = Debug|iPhoneSimulator
		{1C9C2526-8DF0-47F4-8EEE-58342833DE06}.Debug|iPhoneSimulator.Deploy.0 = Debug|iPhoneSimulator
		{1C9C2526-8DF0-47F4-8EEE-58342833DE06}.Debug|x64.ActiveCfg = Debug|iPhone
		{1C9C2526-8DF0-47F4-8EEE-58342833DE06}.Debug|x64.Build.0 = Debug|iPhone
		{1C9C2526-8DF0-47F4-8EEE-58342833DE06}.Debug|x64.Deploy.0 = Debug|iPhone
		{1C9C2526-8DF0-47F4-8EEE-58342833DE06}.Debug|x86.ActiveCfg = Debug|iPhone
		{1C9C2526-8DF0-47F4-8EEE-58342833DE06}.Debug|x86.Build.0 = Debug|iPhone
		{1C9C2526-8DF0-47F4-8EEE-58342833DE06}.Debug|x86.Deploy.0 = Debug|iPhone
		{1C9C2526-8DF0-47F4-8EEE-58342833DE06}.Release|Any CPU.ActiveCfg = Release|iPhone
		{1C9C2526-8DF0-47F4-8EEE-58342833DE06}.Release|Any CPU.Build.0 = Release|iPhone
		{1C9C2526-8DF0-47F4-8EEE-58342833DE06}.Release|Any CPU.Deploy.0 = Release|iPhone
		{1C9C2526-8DF0-47F4-8EEE-58342833DE06}.Release|ARM.ActiveCfg = Release|iPhone
		{1C9C2526-8DF0-47F4-8EEE-58342833DE06}.Release|ARM.Build.0 = Release|iPhone
		{1C9C2526-8DF0-47F4-8EEE-58342833DE06}.Release|ARM.Deploy.0 = Release|iPhone
		{1C9C2526-8DF0-47F4-8EEE-58342833DE06}.Release|ARM64.ActiveCfg = Release|iPhoneSimulator
		{1C9C2526-8DF0-47F4-8EEE-58342833DE06}.Release|iPhone.ActiveCfg = Release|iPhone
		{1C9C2526-8DF0-47F4-8EEE-58342833DE06}.Release|iPhone.Build.0 = Release|iPhone
		{1C9C2526-8DF0-47F4-8EEE-58342833DE06}.Release|iPhone.Deploy.0 = Release|iPhone
		{1C9C2526-8DF0-47F4-8EEE-58342833DE06}.Release|iPhoneSimulator.ActiveCfg = Release|iPhoneSimulator
		{1C9C2526-8DF0-47F4-8EEE-58342833DE06}.Release|iPhoneSimulator.Build.0 = Release|iPhoneSimulator
		{1C9C2526-8DF0-47F4-8EEE-58342833DE06}.Release|iPhoneSimulator.Deploy.0 = Release|iPhoneSimulator
		{1C9C2526-8DF0-47F4-8EEE-58342833DE06}.Release|x64.ActiveCfg = Release|iPhone
		{1C9C2526-8DF0-47F4-8EEE-58342833DE06}.Release|x64.Build.0 = Release|iPhone
		{1C9C2526-8DF0-47F4-8EEE-58342833DE06}.Release|x64.Deploy.0 = Release|iPhone
		{1C9C2526-8DF0-47F4-8EEE-58342833DE06}.Release|x86.ActiveCfg = Release|iPhone
		{1C9C2526-8DF0-47F4-8EEE-58342833DE06}.Release|x86.Build.0 = Release|iPhone
		{1C9C2526-8DF0-47F4-8EEE-58342833DE06}.Release|x86.Deploy.0 = Release|iPhone
		{CB5EC4A8-554D-4A11-B42A-599922B4537C}.Ad-Hoc|Any CPU.ActiveCfg = Release|x86
		{CB5EC4A8-554D-4A11-B42A-599922B4537C}.Ad-Hoc|Any CPU.Build.0 = Release|x86
		{CB5EC4A8-554D-4A11-B42A-599922B4537C}.Ad-Hoc|Any CPU.Deploy.0 = Release|x86
		{CB5EC4A8-554D-4A11-B42A-599922B4537C}.Ad-Hoc|ARM.ActiveCfg = Release|ARM
		{CB5EC4A8-554D-4A11-B42A-599922B4537C}.Ad-Hoc|ARM.Build.0 = Release|ARM
		{CB5EC4A8-554D-4A11-B42A-599922B4537C}.Ad-Hoc|ARM.Deploy.0 = Release|ARM
		{CB5EC4A8-554D-4A11-B42A-599922B4537C}.Ad-Hoc|ARM64.ActiveCfg = Debug|x64
		{CB5EC4A8-554D-4A11-B42A-599922B4537C}.Ad-Hoc|ARM64.Build.0 = Debug|x64
		{CB5EC4A8-554D-4A11-B42A-599922B4537C}.Ad-Hoc|ARM64.Deploy.0 = Debug|x64
		{CB5EC4A8-554D-4A11-B42A-599922B4537C}.Ad-Hoc|iPhone.ActiveCfg = Release|x86
		{CB5EC4A8-554D-4A11-B42A-599922B4537C}.Ad-Hoc|iPhone.Build.0 = Release|x86
		{CB5EC4A8-554D-4A11-B42A-599922B4537C}.Ad-Hoc|iPhone.Deploy.0 = Release|x86
		{CB5EC4A8-554D-4A11-B42A-599922B4537C}.Ad-Hoc|iPhoneSimulator.ActiveCfg = Release|x86
		{CB5EC4A8-554D-4A11-B42A-599922B4537C}.Ad-Hoc|iPhoneSimulator.Build.0 = Release|x86
		{CB5EC4A8-554D-4A11-B42A-599922B4537C}.Ad-Hoc|iPhoneSimulator.Deploy.0 = Release|x86
		{CB5EC4A8-554D-4A11-B42A-599922B4537C}.Ad-Hoc|x64.ActiveCfg = Release|x64
		{CB5EC4A8-554D-4A11-B42A-599922B4537C}.Ad-Hoc|x64.Build.0 = Release|x64
		{CB5EC4A8-554D-4A11-B42A-599922B4537C}.Ad-Hoc|x64.Deploy.0 = Release|x64
		{CB5EC4A8-554D-4A11-B42A-599922B4537C}.Ad-Hoc|x86.ActiveCfg = Release|x86
		{CB5EC4A8-554D-4A11-B42A-599922B4537C}.Ad-Hoc|x86.Build.0 = Release|x86
		{CB5EC4A8-554D-4A11-B42A-599922B4537C}.Ad-Hoc|x86.Deploy.0 = Release|x86
		{CB5EC4A8-554D-4A11-B42A-599922B4537C}.AppStore|Any CPU.ActiveCfg = Release|x86
		{CB5EC4A8-554D-4A11-B42A-599922B4537C}.AppStore|Any CPU.Build.0 = Release|x86
		{CB5EC4A8-554D-4A11-B42A-599922B4537C}.AppStore|Any CPU.Deploy.0 = Release|x86
		{CB5EC4A8-554D-4A11-B42A-599922B4537C}.AppStore|ARM.ActiveCfg = Release|ARM
		{CB5EC4A8-554D-4A11-B42A-599922B4537C}.AppStore|ARM.Build.0 = Release|ARM
		{CB5EC4A8-554D-4A11-B42A-599922B4537C}.AppStore|ARM.Deploy.0 = Release|ARM
		{CB5EC4A8-554D-4A11-B42A-599922B4537C}.AppStore|ARM64.ActiveCfg = Debug|x64
		{CB5EC4A8-554D-4A11-B42A-599922B4537C}.AppStore|ARM64.Build.0 = Debug|x64
		{CB5EC4A8-554D-4A11-B42A-599922B4537C}.AppStore|ARM64.Deploy.0 = Debug|x64
		{CB5EC4A8-554D-4A11-B42A-599922B4537C}.AppStore|iPhone.ActiveCfg = Release|x86
		{CB5EC4A8-554D-4A11-B42A-599922B4537C}.AppStore|iPhone.Build.0 = Release|x86
		{CB5EC4A8-554D-4A11-B42A-599922B4537C}.AppStore|iPhone.Deploy.0 = Release|x86
		{CB5EC4A8-554D-4A11-B42A-599922B4537C}.AppStore|iPhoneSimulator.ActiveCfg = Release|x86
		{CB5EC4A8-554D-4A11-B42A-599922B4537C}.AppStore|iPhoneSimulator.Build.0 = Release|x86
		{CB5EC4A8-554D-4A11-B42A-599922B4537C}.AppStore|iPhoneSimulator.Deploy.0 = Release|x86
		{CB5EC4A8-554D-4A11-B42A-599922B4537C}.AppStore|x64.ActiveCfg = Release|x64
		{CB5EC4A8-554D-4A11-B42A-599922B4537C}.AppStore|x64.Build.0 = Release|x64
		{CB5EC4A8-554D-4A11-B42A-599922B4537C}.AppStore|x64.Deploy.0 = Release|x64
		{CB5EC4A8-554D-4A11-B42A-599922B4537C}.AppStore|x86.ActiveCfg = Release|x86
		{CB5EC4A8-554D-4A11-B42A-599922B4537C}.AppStore|x86.Build.0 = Release|x86
		{CB5EC4A8-554D-4A11-B42A-599922B4537C}.AppStore|x86.Deploy.0 = Release|x86
		{CB5EC4A8-554D-4A11-B42A-599922B4537C}.Debug|Any CPU.ActiveCfg = Debug|x86
		{CB5EC4A8-554D-4A11-B42A-599922B4537C}.Debug|Any CPU.Build.0 = Debug|x86
		{CB5EC4A8-554D-4A11-B42A-599922B4537C}.Debug|Any CPU.Deploy.0 = Debug|x86
		{CB5EC4A8-554D-4A11-B42A-599922B4537C}.Debug|ARM.ActiveCfg = Debug|ARM
		{CB5EC4A8-554D-4A11-B42A-599922B4537C}.Debug|ARM.Build.0 = Debug|ARM
		{CB5EC4A8-554D-4A11-B42A-599922B4537C}.Debug|ARM.Deploy.0 = Debug|ARM
		{CB5EC4A8-554D-4A11-B42A-599922B4537C}.Debug|ARM64.ActiveCfg = Debug|x86
		{CB5EC4A8-554D-4A11-B42A-599922B4537C}.Debug|iPhone.ActiveCfg = Debug|x86
		{CB5EC4A8-554D-4A11-B42A-599922B4537C}.Debug|iPhone.Build.0 = Debug|x86
		{CB5EC4A8-554D-4A11-B42A-599922B4537C}.Debug|iPhone.Deploy.0 = Debug|x86
		{CB5EC4A8-554D-4A11-B42A-599922B4537C}.Debug|iPhoneSimulator.ActiveCfg = Debug|x86
		{CB5EC4A8-554D-4A11-B42A-599922B4537C}.Debug|iPhoneSimulator.Build.0 = Debug|x86
		{CB5EC4A8-554D-4A11-B42A-599922B4537C}.Debug|iPhoneSimulator.Deploy.0 = Debug|x86
		{CB5EC4A8-554D-4A11-B42A-599922B4537C}.Debug|x64.ActiveCfg = Debug|x64
		{CB5EC4A8-554D-4A11-B42A-599922B4537C}.Debug|x64.Build.0 = Debug|x64
		{CB5EC4A8-554D-4A11-B42A-599922B4537C}.Debug|x64.Deploy.0 = Debug|x64
		{CB5EC4A8-554D-4A11-B42A-599922B4537C}.Debug|x86.ActiveCfg = Debug|x86
		{CB5EC4A8-554D-4A11-B42A-599922B4537C}.Debug|x86.Build.0 = Debug|x86
		{CB5EC4A8-554D-4A11-B42A-599922B4537C}.Debug|x86.Deploy.0 = Debug|x86
		{CB5EC4A8-554D-4A11-B42A-599922B4537C}.Release|Any CPU.ActiveCfg = Release|x86
		{CB5EC4A8-554D-4A11-B42A-599922B4537C}.Release|Any CPU.Build.0 = Release|x86
		{CB5EC4A8-554D-4A11-B42A-599922B4537C}.Release|Any CPU.Deploy.0 = Release|x86
		{CB5EC4A8-554D-4A11-B42A-599922B4537C}.Release|ARM.ActiveCfg = Release|ARM
		{CB5EC4A8-554D-4A11-B42A-599922B4537C}.Release|ARM.Build.0 = Release|ARM
		{CB5EC4A8-554D-4A11-B42A-599922B4537C}.Release|ARM.Deploy.0 = Release|ARM
		{CB5EC4A8-554D-4A11-B42A-599922B4537C}.Release|ARM64.ActiveCfg = Release|x86
		{CB5EC4A8-554D-4A11-B42A-599922B4537C}.Release|iPhone.ActiveCfg = Release|x86
		{CB5EC4A8-554D-4A11-B42A-599922B4537C}.Release|iPhone.Build.0 = Release|x86
		{CB5EC4A8-554D-4A11-B42A-599922B4537C}.Release|iPhone.Deploy.0 = Release|x86
		{CB5EC4A8-554D-4A11-B42A-599922B4537C}.Release|iPhoneSimulator.ActiveCfg = Release|x86
		{CB5EC4A8-554D-4A11-B42A-599922B4537C}.Release|iPhoneSimulator.Build.0 = Release|x86
		{CB5EC4A8-554D-4A11-B42A-599922B4537C}.Release|iPhoneSimulator.Deploy.0 = Release|x86
		{CB5EC4A8-554D-4A11-B42A-599922B4537C}.Release|x64.ActiveCfg = Release|x64
		{CB5EC4A8-554D-4A11-B42A-599922B4537C}.Release|x64.Build.0 = Release|x64
		{CB5EC4A8-554D-4A11-B42A-599922B4537C}.Release|x64.Deploy.0 = Release|x64
		{CB5EC4A8-554D-4A11-B42A-599922B4537C}.Release|x86.ActiveCfg = Release|x86
		{CB5EC4A8-554D-4A11-B42A-599922B4537C}.Release|x86.Build.0 = Release|x86
		{CB5EC4A8-554D-4A11-B42A-599922B4537C}.Release|x86.Deploy.0 = Release|x86
		{EAC866CA-DE9A-48B7-8607-EBBCB5F56CB4}.Ad-Hoc|Any CPU.ActiveCfg = Debug|Any CPU
		{EAC866CA-DE9A-48B7-8607-EBBCB5F56CB4}.Ad-Hoc|Any CPU.Build.0 = Debug|Any CPU
		{EAC866CA-DE9A-48B7-8607-EBBCB5F56CB4}.Ad-Hoc|Any CPU.Deploy.0 = Debug|Any CPU
		{EAC866CA-DE9A-48B7-8607-EBBCB5F56CB4}.Ad-Hoc|ARM.ActiveCfg = Debug|Any CPU
		{EAC866CA-DE9A-48B7-8607-EBBCB5F56CB4}.Ad-Hoc|ARM.Build.0 = Debug|Any CPU
		{EAC866CA-DE9A-48B7-8607-EBBCB5F56CB4}.Ad-Hoc|ARM.Deploy.0 = Debug|Any CPU
		{EAC866CA-DE9A-48B7-8607-EBBCB5F56CB4}.Ad-Hoc|ARM64.ActiveCfg = Release|Any CPU
		{EAC866CA-DE9A-48B7-8607-EBBCB5F56CB4}.Ad-Hoc|ARM64.Build.0 = Release|Any CPU
		{EAC866CA-DE9A-48B7-8607-EBBCB5F56CB4}.Ad-Hoc|iPhone.ActiveCfg = Debug|Any CPU
		{EAC866CA-DE9A-48B7-8607-EBBCB5F56CB4}.Ad-Hoc|iPhone.Build.0 = Debug|Any CPU
		{EAC866CA-DE9A-48B7-8607-EBBCB5F56CB4}.Ad-Hoc|iPhone.Deploy.0 = Debug|Any CPU
		{EAC866CA-DE9A-48B7-8607-EBBCB5F56CB4}.Ad-Hoc|iPhoneSimulator.ActiveCfg = Debug|Any CPU
		{EAC866CA-DE9A-48B7-8607-EBBCB5F56CB4}.Ad-Hoc|iPhoneSimulator.Build.0 = Debug|Any CPU
		{EAC866CA-DE9A-48B7-8607-EBBCB5F56CB4}.Ad-Hoc|iPhoneSimulator.Deploy.0 = Debug|Any CPU
		{EAC866CA-DE9A-48B7-8607-EBBCB5F56CB4}.Ad-Hoc|x64.ActiveCfg = Debug|Any CPU
		{EAC866CA-DE9A-48B7-8607-EBBCB5F56CB4}.Ad-Hoc|x64.Build.0 = Debug|Any CPU
		{EAC866CA-DE9A-48B7-8607-EBBCB5F56CB4}.Ad-Hoc|x64.Deploy.0 = Debug|Any CPU
		{EAC866CA-DE9A-48B7-8607-EBBCB5F56CB4}.Ad-Hoc|x86.ActiveCfg = Debug|Any CPU
		{EAC866CA-DE9A-48B7-8607-EBBCB5F56CB4}.Ad-Hoc|x86.Build.0 = Debug|Any CPU
		{EAC866CA-DE9A-48B7-8607-EBBCB5F56CB4}.Ad-Hoc|x86.Deploy.0 = Debug|Any CPU
		{EAC866CA-DE9A-48B7-8607-EBBCB5F56CB4}.AppStore|Any CPU.ActiveCfg = Debug|Any CPU
		{EAC866CA-DE9A-48B7-8607-EBBCB5F56CB4}.AppStore|Any CPU.Build.0 = Debug|Any CPU
		{EAC866CA-DE9A-48B7-8607-EBBCB5F56CB4}.AppStore|Any CPU.Deploy.0 = Debug|Any CPU
		{EAC866CA-DE9A-48B7-8607-EBBCB5F56CB4}.AppStore|ARM.ActiveCfg = Debug|Any CPU
		{EAC866CA-DE9A-48B7-8607-EBBCB5F56CB4}.AppStore|ARM.Build.0 = Debug|Any CPU
		{EAC866CA-DE9A-48B7-8607-EBBCB5F56CB4}.AppStore|ARM.Deploy.0 = Debug|Any CPU
		{EAC866CA-DE9A-48B7-8607-EBBCB5F56CB4}.AppStore|ARM64.ActiveCfg = Release|Any CPU
		{EAC866CA-DE9A-48B7-8607-EBBCB5F56CB4}.AppStore|ARM64.Build.0 = Release|Any CPU
		{EAC866CA-DE9A-48B7-8607-EBBCB5F56CB4}.AppStore|iPhone.ActiveCfg = Debug|Any CPU
		{EAC866CA-DE9A-48B7-8607-EBBCB5F56CB4}.AppStore|iPhone.Build.0 = Debug|Any CPU
		{EAC866CA-DE9A-48B7-8607-EBBCB5F56CB4}.AppStore|iPhone.Deploy.0 = Debug|Any CPU
		{EAC866CA-DE9A-48B7-8607-EBBCB5F56CB4}.AppStore|iPhoneSimulator.ActiveCfg = Debug|Any CPU
		{EAC866CA-DE9A-48B7-8607-EBBCB5F56CB4}.AppStore|iPhoneSimulator.Build.0 = Debug|Any CPU
		{EAC866CA-DE9A-48B7-8607-EBBCB5F56CB4}.AppStore|iPhoneSimulator.Deploy.0 = Debug|Any CPU
		{EAC866CA-DE9A-48B7-8607-EBBCB5F56CB4}.AppStore|x64.ActiveCfg = Debug|Any CPU
		{EAC866CA-DE9A-48B7-8607-EBBCB5F56CB4}.AppStore|x64.Build.0 = Debug|Any CPU
		{EAC866CA-DE9A-48B7-8607-EBBCB5F56CB4}.AppStore|x64.Deploy.0 = Debug|Any CPU
		{EAC866CA-DE9A-48B7-8607-EBBCB5F56CB4}.AppStore|x86.ActiveCfg = Debug|Any CPU
		{EAC866CA-DE9A-48B7-8607-EBBCB5F56CB4}.AppStore|x86.Build.0 = Debug|Any CPU
		{EAC866CA-DE9A-48B7-8607-EBBCB5F56CB4}.AppStore|x86.Deploy.0 = Debug|Any CPU
		{EAC866CA-DE9A-48B7-8607-EBBCB5F56CB4}.Debug|Any CPU.ActiveCfg = Debug|Any CPU
		{EAC866CA-DE9A-48B7-8607-EBBCB5F56CB4}.Debug|Any CPU.Build.0 = Debug|Any CPU
		{EAC866CA-DE9A-48B7-8607-EBBCB5F56CB4}.Debug|Any CPU.Deploy.0 = Debug|Any CPU
		{EAC866CA-DE9A-48B7-8607-EBBCB5F56CB4}.Debug|ARM.ActiveCfg = Debug|Any CPU
		{EAC866CA-DE9A-48B7-8607-EBBCB5F56CB4}.Debug|ARM.Build.0 = Debug|Any CPU
		{EAC866CA-DE9A-48B7-8607-EBBCB5F56CB4}.Debug|ARM.Deploy.0 = Debug|Any CPU
		{EAC866CA-DE9A-48B7-8607-EBBCB5F56CB4}.Debug|ARM64.ActiveCfg = Debug|Any CPU
		{EAC866CA-DE9A-48B7-8607-EBBCB5F56CB4}.Debug|ARM64.Build.0 = Debug|Any CPU
		{EAC866CA-DE9A-48B7-8607-EBBCB5F56CB4}.Debug|iPhone.ActiveCfg = Debug|Any CPU
		{EAC866CA-DE9A-48B7-8607-EBBCB5F56CB4}.Debug|iPhone.Build.0 = Debug|Any CPU
		{EAC866CA-DE9A-48B7-8607-EBBCB5F56CB4}.Debug|iPhone.Deploy.0 = Debug|Any CPU
		{EAC866CA-DE9A-48B7-8607-EBBCB5F56CB4}.Debug|iPhoneSimulator.ActiveCfg = Debug|Any CPU
		{EAC866CA-DE9A-48B7-8607-EBBCB5F56CB4}.Debug|iPhoneSimulator.Build.0 = Debug|Any CPU
		{EAC866CA-DE9A-48B7-8607-EBBCB5F56CB4}.Debug|iPhoneSimulator.Deploy.0 = Debug|Any CPU
		{EAC866CA-DE9A-48B7-8607-EBBCB5F56CB4}.Debug|x64.ActiveCfg = Debug|Any CPU
		{EAC866CA-DE9A-48B7-8607-EBBCB5F56CB4}.Debug|x64.Build.0 = Debug|Any CPU
		{EAC866CA-DE9A-48B7-8607-EBBCB5F56CB4}.Debug|x64.Deploy.0 = Debug|Any CPU
		{EAC866CA-DE9A-48B7-8607-EBBCB5F56CB4}.Debug|x86.ActiveCfg = Debug|Any CPU
		{EAC866CA-DE9A-48B7-8607-EBBCB5F56CB4}.Debug|x86.Build.0 = Debug|Any CPU
		{EAC866CA-DE9A-48B7-8607-EBBCB5F56CB4}.Debug|x86.Deploy.0 = Debug|Any CPU
		{EAC866CA-DE9A-48B7-8607-EBBCB5F56CB4}.Release|Any CPU.ActiveCfg = Release|Any CPU
		{EAC866CA-DE9A-48B7-8607-EBBCB5F56CB4}.Release|Any CPU.Build.0 = Release|Any CPU
		{EAC866CA-DE9A-48B7-8607-EBBCB5F56CB4}.Release|Any CPU.Deploy.0 = Release|Any CPU
		{EAC866CA-DE9A-48B7-8607-EBBCB5F56CB4}.Release|ARM.ActiveCfg = Release|Any CPU
		{EAC866CA-DE9A-48B7-8607-EBBCB5F56CB4}.Release|ARM.Build.0 = Release|Any CPU
		{EAC866CA-DE9A-48B7-8607-EBBCB5F56CB4}.Release|ARM.Deploy.0 = Release|Any CPU
		{EAC866CA-DE9A-48B7-8607-EBBCB5F56CB4}.Release|ARM64.ActiveCfg = Release|Any CPU
		{EAC866CA-DE9A-48B7-8607-EBBCB5F56CB4}.Release|ARM64.Build.0 = Release|Any CPU
		{EAC866CA-DE9A-48B7-8607-EBBCB5F56CB4}.Release|iPhone.ActiveCfg = Release|Any CPU
		{EAC866CA-DE9A-48B7-8607-EBBCB5F56CB4}.Release|iPhone.Build.0 = Release|Any CPU
		{EAC866CA-DE9A-48B7-8607-EBBCB5F56CB4}.Release|iPhone.Deploy.0 = Release|Any CPU
		{EAC866CA-DE9A-48B7-8607-EBBCB5F56CB4}.Release|iPhoneSimulator.ActiveCfg = Release|Any CPU
		{EAC866CA-DE9A-48B7-8607-EBBCB5F56CB4}.Release|iPhoneSimulator.Build.0 = Release|Any CPU
		{EAC866CA-DE9A-48B7-8607-EBBCB5F56CB4}.Release|iPhoneSimulator.Deploy.0 = Release|Any CPU
		{EAC866CA-DE9A-48B7-8607-EBBCB5F56CB4}.Release|x64.ActiveCfg = Release|Any CPU
		{EAC866CA-DE9A-48B7-8607-EBBCB5F56CB4}.Release|x64.Build.0 = Release|Any CPU
		{EAC866CA-DE9A-48B7-8607-EBBCB5F56CB4}.Release|x64.Deploy.0 = Release|Any CPU
		{EAC866CA-DE9A-48B7-8607-EBBCB5F56CB4}.Release|x86.ActiveCfg = Release|Any CPU
		{EAC866CA-DE9A-48B7-8607-EBBCB5F56CB4}.Release|x86.Build.0 = Release|Any CPU
		{EAC866CA-DE9A-48B7-8607-EBBCB5F56CB4}.Release|x86.Deploy.0 = Release|Any CPU
		{35D88946-6172-42CD-96D3-BFAA289AEE12}.Ad-Hoc|Any CPU.ActiveCfg = Debug|Any CPU
		{35D88946-6172-42CD-96D3-BFAA289AEE12}.Ad-Hoc|Any CPU.Build.0 = Debug|Any CPU
		{35D88946-6172-42CD-96D3-BFAA289AEE12}.Ad-Hoc|ARM.ActiveCfg = Debug|Any CPU
		{35D88946-6172-42CD-96D3-BFAA289AEE12}.Ad-Hoc|ARM.Build.0 = Debug|Any CPU
		{35D88946-6172-42CD-96D3-BFAA289AEE12}.Ad-Hoc|ARM64.ActiveCfg = Release|Any CPU
		{35D88946-6172-42CD-96D3-BFAA289AEE12}.Ad-Hoc|ARM64.Build.0 = Release|Any CPU
		{35D88946-6172-42CD-96D3-BFAA289AEE12}.Ad-Hoc|iPhone.ActiveCfg = Debug|Any CPU
		{35D88946-6172-42CD-96D3-BFAA289AEE12}.Ad-Hoc|iPhone.Build.0 = Debug|Any CPU
		{35D88946-6172-42CD-96D3-BFAA289AEE12}.Ad-Hoc|iPhoneSimulator.ActiveCfg = Debug|Any CPU
		{35D88946-6172-42CD-96D3-BFAA289AEE12}.Ad-Hoc|iPhoneSimulator.Build.0 = Debug|Any CPU
		{35D88946-6172-42CD-96D3-BFAA289AEE12}.Ad-Hoc|x64.ActiveCfg = Debug|Any CPU
		{35D88946-6172-42CD-96D3-BFAA289AEE12}.Ad-Hoc|x64.Build.0 = Debug|Any CPU
		{35D88946-6172-42CD-96D3-BFAA289AEE12}.Ad-Hoc|x86.ActiveCfg = Debug|Any CPU
		{35D88946-6172-42CD-96D3-BFAA289AEE12}.Ad-Hoc|x86.Build.0 = Debug|Any CPU
		{35D88946-6172-42CD-96D3-BFAA289AEE12}.AppStore|Any CPU.ActiveCfg = Debug|Any CPU
		{35D88946-6172-42CD-96D3-BFAA289AEE12}.AppStore|Any CPU.Build.0 = Debug|Any CPU
		{35D88946-6172-42CD-96D3-BFAA289AEE12}.AppStore|ARM.ActiveCfg = Debug|Any CPU
		{35D88946-6172-42CD-96D3-BFAA289AEE12}.AppStore|ARM.Build.0 = Debug|Any CPU
		{35D88946-6172-42CD-96D3-BFAA289AEE12}.AppStore|ARM64.ActiveCfg = Release|Any CPU
		{35D88946-6172-42CD-96D3-BFAA289AEE12}.AppStore|ARM64.Build.0 = Release|Any CPU
		{35D88946-6172-42CD-96D3-BFAA289AEE12}.AppStore|iPhone.ActiveCfg = Debug|Any CPU
		{35D88946-6172-42CD-96D3-BFAA289AEE12}.AppStore|iPhone.Build.0 = Debug|Any CPU
		{35D88946-6172-42CD-96D3-BFAA289AEE12}.AppStore|iPhoneSimulator.ActiveCfg = Debug|Any CPU
		{35D88946-6172-42CD-96D3-BFAA289AEE12}.AppStore|iPhoneSimulator.Build.0 = Debug|Any CPU
		{35D88946-6172-42CD-96D3-BFAA289AEE12}.AppStore|x64.ActiveCfg = Debug|Any CPU
		{35D88946-6172-42CD-96D3-BFAA289AEE12}.AppStore|x64.Build.0 = Debug|Any CPU
		{35D88946-6172-42CD-96D3-BFAA289AEE12}.AppStore|x86.ActiveCfg = Debug|Any CPU
		{35D88946-6172-42CD-96D3-BFAA289AEE12}.AppStore|x86.Build.0 = Debug|Any CPU
		{35D88946-6172-42CD-96D3-BFAA289AEE12}.Debug|Any CPU.ActiveCfg = Debug|Any CPU
		{35D88946-6172-42CD-96D3-BFAA289AEE12}.Debug|Any CPU.Build.0 = Debug|Any CPU
		{35D88946-6172-42CD-96D3-BFAA289AEE12}.Debug|ARM.ActiveCfg = Debug|Any CPU
		{35D88946-6172-42CD-96D3-BFAA289AEE12}.Debug|ARM.Build.0 = Debug|Any CPU
		{35D88946-6172-42CD-96D3-BFAA289AEE12}.Debug|ARM64.ActiveCfg = Debug|Any CPU
		{35D88946-6172-42CD-96D3-BFAA289AEE12}.Debug|ARM64.Build.0 = Debug|Any CPU
		{35D88946-6172-42CD-96D3-BFAA289AEE12}.Debug|iPhone.ActiveCfg = Debug|Any CPU
		{35D88946-6172-42CD-96D3-BFAA289AEE12}.Debug|iPhone.Build.0 = Debug|Any CPU
		{35D88946-6172-42CD-96D3-BFAA289AEE12}.Debug|iPhoneSimulator.ActiveCfg = Debug|Any CPU
		{35D88946-6172-42CD-96D3-BFAA289AEE12}.Debug|iPhoneSimulator.Build.0 = Debug|Any CPU
		{35D88946-6172-42CD-96D3-BFAA289AEE12}.Debug|x64.ActiveCfg = Debug|Any CPU
		{35D88946-6172-42CD-96D3-BFAA289AEE12}.Debug|x64.Build.0 = Debug|Any CPU
		{35D88946-6172-42CD-96D3-BFAA289AEE12}.Debug|x86.ActiveCfg = Debug|Any CPU
		{35D88946-6172-42CD-96D3-BFAA289AEE12}.Debug|x86.Build.0 = Debug|Any CPU
		{35D88946-6172-42CD-96D3-BFAA289AEE12}.Release|Any CPU.ActiveCfg = Release|Any CPU
		{35D88946-6172-42CD-96D3-BFAA289AEE12}.Release|Any CPU.Build.0 = Release|Any CPU
		{35D88946-6172-42CD-96D3-BFAA289AEE12}.Release|ARM.ActiveCfg = Release|Any CPU
		{35D88946-6172-42CD-96D3-BFAA289AEE12}.Release|ARM.Build.0 = Release|Any CPU
		{35D88946-6172-42CD-96D3-BFAA289AEE12}.Release|ARM64.ActiveCfg = Release|Any CPU
		{35D88946-6172-42CD-96D3-BFAA289AEE12}.Release|ARM64.Build.0 = Release|Any CPU
		{35D88946-6172-42CD-96D3-BFAA289AEE12}.Release|iPhone.ActiveCfg = Release|Any CPU
		{35D88946-6172-42CD-96D3-BFAA289AEE12}.Release|iPhone.Build.0 = Release|Any CPU
		{35D88946-6172-42CD-96D3-BFAA289AEE12}.Release|iPhoneSimulator.ActiveCfg = Release|Any CPU
		{35D88946-6172-42CD-96D3-BFAA289AEE12}.Release|iPhoneSimulator.Build.0 = Release|Any CPU
		{35D88946-6172-42CD-96D3-BFAA289AEE12}.Release|x64.ActiveCfg = Release|Any CPU
		{35D88946-6172-42CD-96D3-BFAA289AEE12}.Release|x64.Build.0 = Release|Any CPU
		{35D88946-6172-42CD-96D3-BFAA289AEE12}.Release|x86.ActiveCfg = Release|Any CPU
		{35D88946-6172-42CD-96D3-BFAA289AEE12}.Release|x86.Build.0 = Release|Any CPU
		{0E1D74D4-14DD-4989-BE96-AF47EE3C4C09}.Ad-Hoc|Any CPU.ActiveCfg = Debug|Any CPU
		{0E1D74D4-14DD-4989-BE96-AF47EE3C4C09}.Ad-Hoc|Any CPU.Build.0 = Debug|Any CPU
		{0E1D74D4-14DD-4989-BE96-AF47EE3C4C09}.Ad-Hoc|ARM.ActiveCfg = Debug|Any CPU
		{0E1D74D4-14DD-4989-BE96-AF47EE3C4C09}.Ad-Hoc|ARM.Build.0 = Debug|Any CPU
		{0E1D74D4-14DD-4989-BE96-AF47EE3C4C09}.Ad-Hoc|ARM64.ActiveCfg = Release|Any CPU
		{0E1D74D4-14DD-4989-BE96-AF47EE3C4C09}.Ad-Hoc|ARM64.Build.0 = Release|Any CPU
		{0E1D74D4-14DD-4989-BE96-AF47EE3C4C09}.Ad-Hoc|iPhone.ActiveCfg = Debug|Any CPU
		{0E1D74D4-14DD-4989-BE96-AF47EE3C4C09}.Ad-Hoc|iPhone.Build.0 = Debug|Any CPU
		{0E1D74D4-14DD-4989-BE96-AF47EE3C4C09}.Ad-Hoc|iPhoneSimulator.ActiveCfg = Debug|Any CPU
		{0E1D74D4-14DD-4989-BE96-AF47EE3C4C09}.Ad-Hoc|iPhoneSimulator.Build.0 = Debug|Any CPU
		{0E1D74D4-14DD-4989-BE96-AF47EE3C4C09}.Ad-Hoc|x64.ActiveCfg = Debug|Any CPU
		{0E1D74D4-14DD-4989-BE96-AF47EE3C4C09}.Ad-Hoc|x64.Build.0 = Debug|Any CPU
		{0E1D74D4-14DD-4989-BE96-AF47EE3C4C09}.Ad-Hoc|x86.ActiveCfg = Debug|Any CPU
		{0E1D74D4-14DD-4989-BE96-AF47EE3C4C09}.Ad-Hoc|x86.Build.0 = Debug|Any CPU
		{0E1D74D4-14DD-4989-BE96-AF47EE3C4C09}.AppStore|Any CPU.ActiveCfg = Debug|Any CPU
		{0E1D74D4-14DD-4989-BE96-AF47EE3C4C09}.AppStore|Any CPU.Build.0 = Debug|Any CPU
		{0E1D74D4-14DD-4989-BE96-AF47EE3C4C09}.AppStore|ARM.ActiveCfg = Debug|Any CPU
		{0E1D74D4-14DD-4989-BE96-AF47EE3C4C09}.AppStore|ARM.Build.0 = Debug|Any CPU
		{0E1D74D4-14DD-4989-BE96-AF47EE3C4C09}.AppStore|ARM64.ActiveCfg = Release|Any CPU
		{0E1D74D4-14DD-4989-BE96-AF47EE3C4C09}.AppStore|ARM64.Build.0 = Release|Any CPU
		{0E1D74D4-14DD-4989-BE96-AF47EE3C4C09}.AppStore|iPhone.ActiveCfg = Debug|Any CPU
		{0E1D74D4-14DD-4989-BE96-AF47EE3C4C09}.AppStore|iPhone.Build.0 = Debug|Any CPU
		{0E1D74D4-14DD-4989-BE96-AF47EE3C4C09}.AppStore|iPhoneSimulator.ActiveCfg = Debug|Any CPU
		{0E1D74D4-14DD-4989-BE96-AF47EE3C4C09}.AppStore|iPhoneSimulator.Build.0 = Debug|Any CPU
		{0E1D74D4-14DD-4989-BE96-AF47EE3C4C09}.AppStore|x64.ActiveCfg = Debug|Any CPU
		{0E1D74D4-14DD-4989-BE96-AF47EE3C4C09}.AppStore|x64.Build.0 = Debug|Any CPU
		{0E1D74D4-14DD-4989-BE96-AF47EE3C4C09}.AppStore|x86.ActiveCfg = Debug|Any CPU
		{0E1D74D4-14DD-4989-BE96-AF47EE3C4C09}.AppStore|x86.Build.0 = Debug|Any CPU
		{0E1D74D4-14DD-4989-BE96-AF47EE3C4C09}.Debug|Any CPU.ActiveCfg = Debug|Any CPU
		{0E1D74D4-14DD-4989-BE96-AF47EE3C4C09}.Debug|Any CPU.Build.0 = Debug|Any CPU
		{0E1D74D4-14DD-4989-BE96-AF47EE3C4C09}.Debug|ARM.ActiveCfg = Debug|Any CPU
		{0E1D74D4-14DD-4989-BE96-AF47EE3C4C09}.Debug|ARM.Build.0 = Debug|Any CPU
		{0E1D74D4-14DD-4989-BE96-AF47EE3C4C09}.Debug|ARM64.ActiveCfg = Debug|Any CPU
		{0E1D74D4-14DD-4989-BE96-AF47EE3C4C09}.Debug|ARM64.Build.0 = Debug|Any CPU
		{0E1D74D4-14DD-4989-BE96-AF47EE3C4C09}.Debug|iPhone.ActiveCfg = Debug|Any CPU
		{0E1D74D4-14DD-4989-BE96-AF47EE3C4C09}.Debug|iPhone.Build.0 = Debug|Any CPU
		{0E1D74D4-14DD-4989-BE96-AF47EE3C4C09}.Debug|iPhoneSimulator.ActiveCfg = Debug|Any CPU
		{0E1D74D4-14DD-4989-BE96-AF47EE3C4C09}.Debug|iPhoneSimulator.Build.0 = Debug|Any CPU
		{0E1D74D4-14DD-4989-BE96-AF47EE3C4C09}.Debug|x64.ActiveCfg = Debug|Any CPU
		{0E1D74D4-14DD-4989-BE96-AF47EE3C4C09}.Debug|x64.Build.0 = Debug|Any CPU
		{0E1D74D4-14DD-4989-BE96-AF47EE3C4C09}.Debug|x86.ActiveCfg = Debug|Any CPU
		{0E1D74D4-14DD-4989-BE96-AF47EE3C4C09}.Debug|x86.Build.0 = Debug|Any CPU
		{0E1D74D4-14DD-4989-BE96-AF47EE3C4C09}.Release|Any CPU.ActiveCfg = Release|Any CPU
		{0E1D74D4-14DD-4989-BE96-AF47EE3C4C09}.Release|Any CPU.Build.0 = Release|Any CPU
		{0E1D74D4-14DD-4989-BE96-AF47EE3C4C09}.Release|ARM.ActiveCfg = Release|Any CPU
		{0E1D74D4-14DD-4989-BE96-AF47EE3C4C09}.Release|ARM.Build.0 = Release|Any CPU
		{0E1D74D4-14DD-4989-BE96-AF47EE3C4C09}.Release|ARM64.ActiveCfg = Release|Any CPU
		{0E1D74D4-14DD-4989-BE96-AF47EE3C4C09}.Release|ARM64.Build.0 = Release|Any CPU
		{0E1D74D4-14DD-4989-BE96-AF47EE3C4C09}.Release|iPhone.ActiveCfg = Release|Any CPU
		{0E1D74D4-14DD-4989-BE96-AF47EE3C4C09}.Release|iPhone.Build.0 = Release|Any CPU
		{0E1D74D4-14DD-4989-BE96-AF47EE3C4C09}.Release|iPhoneSimulator.ActiveCfg = Release|Any CPU
		{0E1D74D4-14DD-4989-BE96-AF47EE3C4C09}.Release|iPhoneSimulator.Build.0 = Release|Any CPU
		{0E1D74D4-14DD-4989-BE96-AF47EE3C4C09}.Release|x64.ActiveCfg = Release|Any CPU
		{0E1D74D4-14DD-4989-BE96-AF47EE3C4C09}.Release|x64.Build.0 = Release|Any CPU
		{0E1D74D4-14DD-4989-BE96-AF47EE3C4C09}.Release|x86.ActiveCfg = Release|Any CPU
		{0E1D74D4-14DD-4989-BE96-AF47EE3C4C09}.Release|x86.Build.0 = Release|Any CPU
		{79798119-A1B3-43B4-9CE7-DA520CC797A7}.Ad-Hoc|Any CPU.ActiveCfg = Release|Any CPU
		{79798119-A1B3-43B4-9CE7-DA520CC797A7}.Ad-Hoc|Any CPU.Build.0 = Release|Any CPU
		{79798119-A1B3-43B4-9CE7-DA520CC797A7}.Ad-Hoc|ARM.ActiveCfg = Release|Any CPU
		{79798119-A1B3-43B4-9CE7-DA520CC797A7}.Ad-Hoc|ARM.Build.0 = Release|Any CPU
		{79798119-A1B3-43B4-9CE7-DA520CC797A7}.Ad-Hoc|ARM64.ActiveCfg = Debug|Any CPU
		{79798119-A1B3-43B4-9CE7-DA520CC797A7}.Ad-Hoc|ARM64.Build.0 = Debug|Any CPU
		{79798119-A1B3-43B4-9CE7-DA520CC797A7}.Ad-Hoc|iPhone.ActiveCfg = Release|Any CPU
		{79798119-A1B3-43B4-9CE7-DA520CC797A7}.Ad-Hoc|iPhone.Build.0 = Release|Any CPU
		{79798119-A1B3-43B4-9CE7-DA520CC797A7}.Ad-Hoc|iPhoneSimulator.ActiveCfg = Release|Any CPU
		{79798119-A1B3-43B4-9CE7-DA520CC797A7}.Ad-Hoc|iPhoneSimulator.Build.0 = Release|Any CPU
		{79798119-A1B3-43B4-9CE7-DA520CC797A7}.Ad-Hoc|x64.ActiveCfg = Release|Any CPU
		{79798119-A1B3-43B4-9CE7-DA520CC797A7}.Ad-Hoc|x64.Build.0 = Release|Any CPU
		{79798119-A1B3-43B4-9CE7-DA520CC797A7}.Ad-Hoc|x86.ActiveCfg = Release|Any CPU
		{79798119-A1B3-43B4-9CE7-DA520CC797A7}.Ad-Hoc|x86.Build.0 = Release|Any CPU
		{79798119-A1B3-43B4-9CE7-DA520CC797A7}.AppStore|Any CPU.ActiveCfg = Release|Any CPU
		{79798119-A1B3-43B4-9CE7-DA520CC797A7}.AppStore|Any CPU.Build.0 = Release|Any CPU
		{79798119-A1B3-43B4-9CE7-DA520CC797A7}.AppStore|ARM.ActiveCfg = Release|Any CPU
		{79798119-A1B3-43B4-9CE7-DA520CC797A7}.AppStore|ARM.Build.0 = Release|Any CPU
		{79798119-A1B3-43B4-9CE7-DA520CC797A7}.AppStore|ARM64.ActiveCfg = Debug|Any CPU
		{79798119-A1B3-43B4-9CE7-DA520CC797A7}.AppStore|ARM64.Build.0 = Debug|Any CPU
		{79798119-A1B3-43B4-9CE7-DA520CC797A7}.AppStore|iPhone.ActiveCfg = Release|Any CPU
		{79798119-A1B3-43B4-9CE7-DA520CC797A7}.AppStore|iPhone.Build.0 = Release|Any CPU
		{79798119-A1B3-43B4-9CE7-DA520CC797A7}.AppStore|iPhoneSimulator.ActiveCfg = Release|Any CPU
		{79798119-A1B3-43B4-9CE7-DA520CC797A7}.AppStore|iPhoneSimulator.Build.0 = Release|Any CPU
		{79798119-A1B3-43B4-9CE7-DA520CC797A7}.AppStore|x64.ActiveCfg = Release|Any CPU
		{79798119-A1B3-43B4-9CE7-DA520CC797A7}.AppStore|x64.Build.0 = Release|Any CPU
		{79798119-A1B3-43B4-9CE7-DA520CC797A7}.AppStore|x86.ActiveCfg = Release|Any CPU
		{79798119-A1B3-43B4-9CE7-DA520CC797A7}.AppStore|x86.Build.0 = Release|Any CPU
		{79798119-A1B3-43B4-9CE7-DA520CC797A7}.Debug|Any CPU.ActiveCfg = Debug|Any CPU
		{79798119-A1B3-43B4-9CE7-DA520CC797A7}.Debug|Any CPU.Build.0 = Debug|Any CPU
		{79798119-A1B3-43B4-9CE7-DA520CC797A7}.Debug|ARM.ActiveCfg = Debug|Any CPU
		{79798119-A1B3-43B4-9CE7-DA520CC797A7}.Debug|ARM.Build.0 = Debug|Any CPU
		{79798119-A1B3-43B4-9CE7-DA520CC797A7}.Debug|ARM64.ActiveCfg = Debug|Any CPU
		{79798119-A1B3-43B4-9CE7-DA520CC797A7}.Debug|ARM64.Build.0 = Debug|Any CPU
		{79798119-A1B3-43B4-9CE7-DA520CC797A7}.Debug|iPhone.ActiveCfg = Debug|Any CPU
		{79798119-A1B3-43B4-9CE7-DA520CC797A7}.Debug|iPhone.Build.0 = Debug|Any CPU
		{79798119-A1B3-43B4-9CE7-DA520CC797A7}.Debug|iPhoneSimulator.ActiveCfg = Debug|Any CPU
		{79798119-A1B3-43B4-9CE7-DA520CC797A7}.Debug|iPhoneSimulator.Build.0 = Debug|Any CPU
		{79798119-A1B3-43B4-9CE7-DA520CC797A7}.Debug|x64.ActiveCfg = Debug|Any CPU
		{79798119-A1B3-43B4-9CE7-DA520CC797A7}.Debug|x64.Build.0 = Debug|Any CPU
		{79798119-A1B3-43B4-9CE7-DA520CC797A7}.Debug|x86.ActiveCfg = Debug|Any CPU
		{79798119-A1B3-43B4-9CE7-DA520CC797A7}.Debug|x86.Build.0 = Debug|Any CPU
		{79798119-A1B3-43B4-9CE7-DA520CC797A7}.Release|Any CPU.ActiveCfg = Release|Any CPU
		{79798119-A1B3-43B4-9CE7-DA520CC797A7}.Release|Any CPU.Build.0 = Release|Any CPU
		{79798119-A1B3-43B4-9CE7-DA520CC797A7}.Release|ARM.ActiveCfg = Release|Any CPU
		{79798119-A1B3-43B4-9CE7-DA520CC797A7}.Release|ARM.Build.0 = Release|Any CPU
		{79798119-A1B3-43B4-9CE7-DA520CC797A7}.Release|ARM64.ActiveCfg = Release|Any CPU
		{79798119-A1B3-43B4-9CE7-DA520CC797A7}.Release|ARM64.Build.0 = Release|Any CPU
		{79798119-A1B3-43B4-9CE7-DA520CC797A7}.Release|iPhone.ActiveCfg = Release|Any CPU
		{79798119-A1B3-43B4-9CE7-DA520CC797A7}.Release|iPhone.Build.0 = Release|Any CPU
		{79798119-A1B3-43B4-9CE7-DA520CC797A7}.Release|iPhoneSimulator.ActiveCfg = Release|Any CPU
		{79798119-A1B3-43B4-9CE7-DA520CC797A7}.Release|iPhoneSimulator.Build.0 = Release|Any CPU
		{79798119-A1B3-43B4-9CE7-DA520CC797A7}.Release|x64.ActiveCfg = Release|Any CPU
		{79798119-A1B3-43B4-9CE7-DA520CC797A7}.Release|x64.Build.0 = Release|Any CPU
		{79798119-A1B3-43B4-9CE7-DA520CC797A7}.Release|x86.ActiveCfg = Release|Any CPU
		{79798119-A1B3-43B4-9CE7-DA520CC797A7}.Release|x86.Build.0 = Release|Any CPU
		{7C70795F-223B-42D1-AC2A-9EA91CBF9631}.Ad-Hoc|Any CPU.ActiveCfg = Release|x86
		{7C70795F-223B-42D1-AC2A-9EA91CBF9631}.Ad-Hoc|Any CPU.Build.0 = Release|x86
		{7C70795F-223B-42D1-AC2A-9EA91CBF9631}.Ad-Hoc|ARM.ActiveCfg = Release|ARM
		{7C70795F-223B-42D1-AC2A-9EA91CBF9631}.Ad-Hoc|ARM.Build.0 = Release|ARM
		{7C70795F-223B-42D1-AC2A-9EA91CBF9631}.Ad-Hoc|ARM64.ActiveCfg = Release|ARM64
		{7C70795F-223B-42D1-AC2A-9EA91CBF9631}.Ad-Hoc|ARM64.Build.0 = Release|ARM64
		{7C70795F-223B-42D1-AC2A-9EA91CBF9631}.Ad-Hoc|iPhone.ActiveCfg = Release|x86
		{7C70795F-223B-42D1-AC2A-9EA91CBF9631}.Ad-Hoc|iPhone.Build.0 = Release|x86
		{7C70795F-223B-42D1-AC2A-9EA91CBF9631}.Ad-Hoc|iPhoneSimulator.ActiveCfg = Release|x86
		{7C70795F-223B-42D1-AC2A-9EA91CBF9631}.Ad-Hoc|iPhoneSimulator.Build.0 = Release|x86
		{7C70795F-223B-42D1-AC2A-9EA91CBF9631}.Ad-Hoc|x64.ActiveCfg = Release|x64
		{7C70795F-223B-42D1-AC2A-9EA91CBF9631}.Ad-Hoc|x64.Build.0 = Release|x64
		{7C70795F-223B-42D1-AC2A-9EA91CBF9631}.Ad-Hoc|x86.ActiveCfg = Release|x86
		{7C70795F-223B-42D1-AC2A-9EA91CBF9631}.Ad-Hoc|x86.Build.0 = Release|x86
		{7C70795F-223B-42D1-AC2A-9EA91CBF9631}.AppStore|Any CPU.ActiveCfg = Release|x86
		{7C70795F-223B-42D1-AC2A-9EA91CBF9631}.AppStore|Any CPU.Build.0 = Release|x86
		{7C70795F-223B-42D1-AC2A-9EA91CBF9631}.AppStore|ARM.ActiveCfg = Release|ARM
		{7C70795F-223B-42D1-AC2A-9EA91CBF9631}.AppStore|ARM.Build.0 = Release|ARM
		{7C70795F-223B-42D1-AC2A-9EA91CBF9631}.AppStore|ARM64.ActiveCfg = Release|ARM64
		{7C70795F-223B-42D1-AC2A-9EA91CBF9631}.AppStore|ARM64.Build.0 = Release|ARM64
		{7C70795F-223B-42D1-AC2A-9EA91CBF9631}.AppStore|iPhone.ActiveCfg = Release|x86
		{7C70795F-223B-42D1-AC2A-9EA91CBF9631}.AppStore|iPhone.Build.0 = Release|x86
		{7C70795F-223B-42D1-AC2A-9EA91CBF9631}.AppStore|iPhoneSimulator.ActiveCfg = Release|x86
		{7C70795F-223B-42D1-AC2A-9EA91CBF9631}.AppStore|iPhoneSimulator.Build.0 = Release|x86
		{7C70795F-223B-42D1-AC2A-9EA91CBF9631}.AppStore|x64.ActiveCfg = Release|x64
		{7C70795F-223B-42D1-AC2A-9EA91CBF9631}.AppStore|x64.Build.0 = Release|x64
		{7C70795F-223B-42D1-AC2A-9EA91CBF9631}.AppStore|x86.ActiveCfg = Release|x86
		{7C70795F-223B-42D1-AC2A-9EA91CBF9631}.AppStore|x86.Build.0 = Release|x86
		{7C70795F-223B-42D1-AC2A-9EA91CBF9631}.Debug|Any CPU.ActiveCfg = Debug|x86
		{7C70795F-223B-42D1-AC2A-9EA91CBF9631}.Debug|ARM.ActiveCfg = Debug|ARM
		{7C70795F-223B-42D1-AC2A-9EA91CBF9631}.Debug|ARM.Build.0 = Debug|ARM
		{7C70795F-223B-42D1-AC2A-9EA91CBF9631}.Debug|ARM64.ActiveCfg = Debug|ARM64
		{7C70795F-223B-42D1-AC2A-9EA91CBF9631}.Debug|ARM64.Build.0 = Debug|ARM64
		{7C70795F-223B-42D1-AC2A-9EA91CBF9631}.Debug|iPhone.ActiveCfg = Debug|x86
		{7C70795F-223B-42D1-AC2A-9EA91CBF9631}.Debug|iPhoneSimulator.ActiveCfg = Debug|x64
		{7C70795F-223B-42D1-AC2A-9EA91CBF9631}.Debug|iPhoneSimulator.Build.0 = Debug|x64
		{7C70795F-223B-42D1-AC2A-9EA91CBF9631}.Debug|x64.ActiveCfg = Debug|x64
		{7C70795F-223B-42D1-AC2A-9EA91CBF9631}.Debug|x64.Build.0 = Debug|x64
		{7C70795F-223B-42D1-AC2A-9EA91CBF9631}.Debug|x86.ActiveCfg = Debug|x86
		{7C70795F-223B-42D1-AC2A-9EA91CBF9631}.Debug|x86.Build.0 = Debug|x86
		{7C70795F-223B-42D1-AC2A-9EA91CBF9631}.Release|Any CPU.ActiveCfg = Release|x86
		{7C70795F-223B-42D1-AC2A-9EA91CBF9631}.Release|ARM.ActiveCfg = Release|ARM
		{7C70795F-223B-42D1-AC2A-9EA91CBF9631}.Release|ARM.Build.0 = Release|ARM
		{7C70795F-223B-42D1-AC2A-9EA91CBF9631}.Release|ARM64.ActiveCfg = Release|ARM64
		{7C70795F-223B-42D1-AC2A-9EA91CBF9631}.Release|ARM64.Build.0 = Release|ARM64
		{7C70795F-223B-42D1-AC2A-9EA91CBF9631}.Release|iPhone.ActiveCfg = Release|x86
		{7C70795F-223B-42D1-AC2A-9EA91CBF9631}.Release|iPhoneSimulator.ActiveCfg = Release|x86
		{7C70795F-223B-42D1-AC2A-9EA91CBF9631}.Release|x64.ActiveCfg = Release|x64
		{7C70795F-223B-42D1-AC2A-9EA91CBF9631}.Release|x64.Build.0 = Release|x64
		{7C70795F-223B-42D1-AC2A-9EA91CBF9631}.Release|x86.ActiveCfg = Release|x86
		{7C70795F-223B-42D1-AC2A-9EA91CBF9631}.Release|x86.Build.0 = Release|x86
		{3C70DD05-26D1-46DD-AFF2-D6A893D19262}.Ad-Hoc|Any CPU.ActiveCfg = Release|x86
		{3C70DD05-26D1-46DD-AFF2-D6A893D19262}.Ad-Hoc|Any CPU.Build.0 = Release|x86
		{3C70DD05-26D1-46DD-AFF2-D6A893D19262}.Ad-Hoc|ARM.ActiveCfg = Release|ARM
		{3C70DD05-26D1-46DD-AFF2-D6A893D19262}.Ad-Hoc|ARM.Build.0 = Release|ARM
		{3C70DD05-26D1-46DD-AFF2-D6A893D19262}.Ad-Hoc|ARM64.ActiveCfg = Release|ARM64
		{3C70DD05-26D1-46DD-AFF2-D6A893D19262}.Ad-Hoc|ARM64.Build.0 = Release|ARM64
		{3C70DD05-26D1-46DD-AFF2-D6A893D19262}.Ad-Hoc|iPhone.ActiveCfg = Release|x86
		{3C70DD05-26D1-46DD-AFF2-D6A893D19262}.Ad-Hoc|iPhone.Build.0 = Release|x86
		{3C70DD05-26D1-46DD-AFF2-D6A893D19262}.Ad-Hoc|iPhoneSimulator.ActiveCfg = Release|x86
		{3C70DD05-26D1-46DD-AFF2-D6A893D19262}.Ad-Hoc|iPhoneSimulator.Build.0 = Release|x86
		{3C70DD05-26D1-46DD-AFF2-D6A893D19262}.Ad-Hoc|x64.ActiveCfg = Release|x64
		{3C70DD05-26D1-46DD-AFF2-D6A893D19262}.Ad-Hoc|x64.Build.0 = Release|x64
		{3C70DD05-26D1-46DD-AFF2-D6A893D19262}.Ad-Hoc|x86.ActiveCfg = Release|x86
		{3C70DD05-26D1-46DD-AFF2-D6A893D19262}.Ad-Hoc|x86.Build.0 = Release|x86
		{3C70DD05-26D1-46DD-AFF2-D6A893D19262}.AppStore|Any CPU.ActiveCfg = Release|x86
		{3C70DD05-26D1-46DD-AFF2-D6A893D19262}.AppStore|Any CPU.Build.0 = Release|x86
		{3C70DD05-26D1-46DD-AFF2-D6A893D19262}.AppStore|ARM.ActiveCfg = Release|ARM
		{3C70DD05-26D1-46DD-AFF2-D6A893D19262}.AppStore|ARM.Build.0 = Release|ARM
		{3C70DD05-26D1-46DD-AFF2-D6A893D19262}.AppStore|ARM64.ActiveCfg = Release|ARM64
		{3C70DD05-26D1-46DD-AFF2-D6A893D19262}.AppStore|ARM64.Build.0 = Release|ARM64
		{3C70DD05-26D1-46DD-AFF2-D6A893D19262}.AppStore|iPhone.ActiveCfg = Release|x86
		{3C70DD05-26D1-46DD-AFF2-D6A893D19262}.AppStore|iPhone.Build.0 = Release|x86
		{3C70DD05-26D1-46DD-AFF2-D6A893D19262}.AppStore|iPhoneSimulator.ActiveCfg = Release|x86
		{3C70DD05-26D1-46DD-AFF2-D6A893D19262}.AppStore|iPhoneSimulator.Build.0 = Release|x86
		{3C70DD05-26D1-46DD-AFF2-D6A893D19262}.AppStore|x64.ActiveCfg = Release|x64
		{3C70DD05-26D1-46DD-AFF2-D6A893D19262}.AppStore|x64.Build.0 = Release|x64
		{3C70DD05-26D1-46DD-AFF2-D6A893D19262}.AppStore|x86.ActiveCfg = Release|x86
		{3C70DD05-26D1-46DD-AFF2-D6A893D19262}.AppStore|x86.Build.0 = Release|x86
		{3C70DD05-26D1-46DD-AFF2-D6A893D19262}.Debug|Any CPU.ActiveCfg = Debug|x86
		{3C70DD05-26D1-46DD-AFF2-D6A893D19262}.Debug|ARM.ActiveCfg = Debug|ARM
		{3C70DD05-26D1-46DD-AFF2-D6A893D19262}.Debug|ARM.Build.0 = Debug|ARM
		{3C70DD05-26D1-46DD-AFF2-D6A893D19262}.Debug|ARM64.ActiveCfg = Debug|ARM64
		{3C70DD05-26D1-46DD-AFF2-D6A893D19262}.Debug|ARM64.Build.0 = Debug|ARM64
		{3C70DD05-26D1-46DD-AFF2-D6A893D19262}.Debug|iPhone.ActiveCfg = Debug|x86
		{3C70DD05-26D1-46DD-AFF2-D6A893D19262}.Debug|iPhoneSimulator.ActiveCfg = Debug|x86
		{3C70DD05-26D1-46DD-AFF2-D6A893D19262}.Debug|iPhoneSimulator.Build.0 = Debug|x86
		{3C70DD05-26D1-46DD-AFF2-D6A893D19262}.Debug|x64.ActiveCfg = Debug|x64
		{3C70DD05-26D1-46DD-AFF2-D6A893D19262}.Debug|x64.Build.0 = Debug|x64
		{3C70DD05-26D1-46DD-AFF2-D6A893D19262}.Debug|x86.ActiveCfg = Debug|x86
		{3C70DD05-26D1-46DD-AFF2-D6A893D19262}.Debug|x86.Build.0 = Debug|x86
		{3C70DD05-26D1-46DD-AFF2-D6A893D19262}.Release|Any CPU.ActiveCfg = Release|x86
		{3C70DD05-26D1-46DD-AFF2-D6A893D19262}.Release|ARM.ActiveCfg = Release|ARM
		{3C70DD05-26D1-46DD-AFF2-D6A893D19262}.Release|ARM.Build.0 = Release|ARM
		{3C70DD05-26D1-46DD-AFF2-D6A893D19262}.Release|ARM64.ActiveCfg = Release|ARM64
		{3C70DD05-26D1-46DD-AFF2-D6A893D19262}.Release|ARM64.Build.0 = Release|ARM64
		{3C70DD05-26D1-46DD-AFF2-D6A893D19262}.Release|iPhone.ActiveCfg = Release|x86
		{3C70DD05-26D1-46DD-AFF2-D6A893D19262}.Release|iPhoneSimulator.ActiveCfg = Release|x86
		{3C70DD05-26D1-46DD-AFF2-D6A893D19262}.Release|x64.ActiveCfg = Release|x64
		{3C70DD05-26D1-46DD-AFF2-D6A893D19262}.Release|x64.Build.0 = Release|x64
		{3C70DD05-26D1-46DD-AFF2-D6A893D19262}.Release|x86.ActiveCfg = Release|x86
		{3C70DD05-26D1-46DD-AFF2-D6A893D19262}.Release|x86.Build.0 = Release|x86
		{88DBA0FE-5BFB-4759-901C-178C01A48BAD}.Ad-Hoc|Any CPU.ActiveCfg = Release|x64
		{88DBA0FE-5BFB-4759-901C-178C01A48BAD}.Ad-Hoc|Any CPU.Build.0 = Release|x64
		{88DBA0FE-5BFB-4759-901C-178C01A48BAD}.Ad-Hoc|ARM.ActiveCfg = Release|ARM
		{88DBA0FE-5BFB-4759-901C-178C01A48BAD}.Ad-Hoc|ARM.Build.0 = Release|ARM
		{88DBA0FE-5BFB-4759-901C-178C01A48BAD}.Ad-Hoc|ARM64.ActiveCfg = Release|x64
		{88DBA0FE-5BFB-4759-901C-178C01A48BAD}.Ad-Hoc|ARM64.Build.0 = Release|x64
		{88DBA0FE-5BFB-4759-901C-178C01A48BAD}.Ad-Hoc|iPhone.ActiveCfg = Release|x64
		{88DBA0FE-5BFB-4759-901C-178C01A48BAD}.Ad-Hoc|iPhone.Build.0 = Release|x64
		{88DBA0FE-5BFB-4759-901C-178C01A48BAD}.Ad-Hoc|iPhoneSimulator.ActiveCfg = Release|x64
		{88DBA0FE-5BFB-4759-901C-178C01A48BAD}.Ad-Hoc|iPhoneSimulator.Build.0 = Release|x64
		{88DBA0FE-5BFB-4759-901C-178C01A48BAD}.Ad-Hoc|x64.ActiveCfg = Release|x64
		{88DBA0FE-5BFB-4759-901C-178C01A48BAD}.Ad-Hoc|x64.Build.0 = Release|x64
		{88DBA0FE-5BFB-4759-901C-178C01A48BAD}.Ad-Hoc|x86.ActiveCfg = Release|Win32
		{88DBA0FE-5BFB-4759-901C-178C01A48BAD}.Ad-Hoc|x86.Build.0 = Release|Win32
		{88DBA0FE-5BFB-4759-901C-178C01A48BAD}.AppStore|Any CPU.ActiveCfg = Release|x64
		{88DBA0FE-5BFB-4759-901C-178C01A48BAD}.AppStore|Any CPU.Build.0 = Release|x64
		{88DBA0FE-5BFB-4759-901C-178C01A48BAD}.AppStore|ARM.ActiveCfg = Release|ARM
		{88DBA0FE-5BFB-4759-901C-178C01A48BAD}.AppStore|ARM.Build.0 = Release|ARM
		{88DBA0FE-5BFB-4759-901C-178C01A48BAD}.AppStore|ARM64.ActiveCfg = Release|x64
		{88DBA0FE-5BFB-4759-901C-178C01A48BAD}.AppStore|ARM64.Build.0 = Release|x64
		{88DBA0FE-5BFB-4759-901C-178C01A48BAD}.AppStore|iPhone.ActiveCfg = Release|x64
		{88DBA0FE-5BFB-4759-901C-178C01A48BAD}.AppStore|iPhone.Build.0 = Release|x64
		{88DBA0FE-5BFB-4759-901C-178C01A48BAD}.AppStore|iPhoneSimulator.ActiveCfg = Release|x64
		{88DBA0FE-5BFB-4759-901C-178C01A48BAD}.AppStore|iPhoneSimulator.Build.0 = Release|x64
		{88DBA0FE-5BFB-4759-901C-178C01A48BAD}.AppStore|x64.ActiveCfg = Release|x64
		{88DBA0FE-5BFB-4759-901C-178C01A48BAD}.AppStore|x64.Build.0 = Release|x64
		{88DBA0FE-5BFB-4759-901C-178C01A48BAD}.AppStore|x86.ActiveCfg = Release|Win32
		{88DBA0FE-5BFB-4759-901C-178C01A48BAD}.AppStore|x86.Build.0 = Release|Win32
		{88DBA0FE-5BFB-4759-901C-178C01A48BAD}.Debug|Any CPU.ActiveCfg = Debug|Win32
		{88DBA0FE-5BFB-4759-901C-178C01A48BAD}.Debug|ARM.ActiveCfg = Debug|ARM
		{88DBA0FE-5BFB-4759-901C-178C01A48BAD}.Debug|ARM.Build.0 = Debug|ARM
		{88DBA0FE-5BFB-4759-901C-178C01A48BAD}.Debug|ARM64.ActiveCfg = Debug|Win32
		{88DBA0FE-5BFB-4759-901C-178C01A48BAD}.Debug|iPhone.ActiveCfg = Debug|Win32
		{88DBA0FE-5BFB-4759-901C-178C01A48BAD}.Debug|iPhoneSimulator.ActiveCfg = Debug|Win32
		{88DBA0FE-5BFB-4759-901C-178C01A48BAD}.Debug|x64.ActiveCfg = Debug|x64
		{88DBA0FE-5BFB-4759-901C-178C01A48BAD}.Debug|x64.Build.0 = Debug|x64
		{88DBA0FE-5BFB-4759-901C-178C01A48BAD}.Debug|x86.ActiveCfg = Debug|Win32
		{88DBA0FE-5BFB-4759-901C-178C01A48BAD}.Debug|x86.Build.0 = Debug|Win32
		{88DBA0FE-5BFB-4759-901C-178C01A48BAD}.Release|Any CPU.ActiveCfg = Release|Win32
		{88DBA0FE-5BFB-4759-901C-178C01A48BAD}.Release|ARM.ActiveCfg = Release|ARM
		{88DBA0FE-5BFB-4759-901C-178C01A48BAD}.Release|ARM.Build.0 = Release|ARM
		{88DBA0FE-5BFB-4759-901C-178C01A48BAD}.Release|ARM64.ActiveCfg = Release|Win32
		{88DBA0FE-5BFB-4759-901C-178C01A48BAD}.Release|iPhone.ActiveCfg = Release|Win32
		{88DBA0FE-5BFB-4759-901C-178C01A48BAD}.Release|iPhoneSimulator.ActiveCfg = Release|Win32
		{88DBA0FE-5BFB-4759-901C-178C01A48BAD}.Release|x64.ActiveCfg = Release|x64
		{88DBA0FE-5BFB-4759-901C-178C01A48BAD}.Release|x64.Build.0 = Release|x64
		{88DBA0FE-5BFB-4759-901C-178C01A48BAD}.Release|x86.ActiveCfg = Release|Win32
		{88DBA0FE-5BFB-4759-901C-178C01A48BAD}.Release|x86.Build.0 = Release|Win32
	EndGlobalSection
	GlobalSection(SolutionProperties) = preSolution
		HideSolutionNode = FALSE
	EndGlobalSection
	GlobalSection(NestedProjects) = preSolution
		{EF961936-D663-43C6-B69D-97959B9C8DF9} = {A1FDC01A-9DAB-490E-88B5-34BCE9160AD2}
		{1C9C2526-8DF0-47F4-8EEE-58342833DE06} = {A1FDC01A-9DAB-490E-88B5-34BCE9160AD2}
		{CB5EC4A8-554D-4A11-B42A-599922B4537C} = {A1FDC01A-9DAB-490E-88B5-34BCE9160AD2}
		{EAC866CA-DE9A-48B7-8607-EBBCB5F56CB4} = {A1FDC01A-9DAB-490E-88B5-34BCE9160AD2}
		{0E1D74D4-14DD-4989-BE96-AF47EE3C4C09} = {AEFA76C9-749F-45C2-8B3B-5DB300307B9C}
		{79798119-A1B3-43B4-9CE7-DA520CC797A7} = {E5FD3E6F-E6B2-4E3E-80CE-5C104C821EE9}
		{EB4551CB-0D25-4E7B-963F-3DF328E6A61B} = {AEFA76C9-749F-45C2-8B3B-5DB300307B9C}
		{0A87D29A-CC12-49E0-8E9A-6000192920C2} = {EB4551CB-0D25-4E7B-963F-3DF328E6A61B}
		{7C70795F-223B-42D1-AC2A-9EA91CBF9631} = {EB4551CB-0D25-4E7B-963F-3DF328E6A61B}
		{3C70DD05-26D1-46DD-AFF2-D6A893D19262} = {EB4551CB-0D25-4E7B-963F-3DF328E6A61B}
		{88DBA0FE-5BFB-4759-901C-178C01A48BAD} = {EB4551CB-0D25-4E7B-963F-3DF328E6A61B}
	EndGlobalSection
	GlobalSection(ExtensibilityGlobals) = postSolution
		SolutionGuid = {7D88932D-2CEC-4C1A-B603-5B2781A477D0}
	EndGlobalSection
EndGlobal
